
Microsoft Visual Studio Solution File, Format Version 12.00
# Visual Studio Version 17
VisualStudioVersion = 17.1.32210.238
MinimumVisualStudioVersion = 10.0.40219.1
Project("{FAE04EC0-301F-11D3-BF4B-00C04F79EFBC}") = "Uppgift 5.1", "Uppgift 5.1\Uppgift 5.1.csproj", "{09587747-A7E9-406E-B4CF-2A2F330B3748}"
EndProject
Global
	GlobalSection(SolutionConfigurationPlatforms) = preSolution
		Debug|Any CPU = Debug|Any CPU
		Release|Any CPU = Release|Any CPU
	EndGlobalSection
	GlobalSection(ProjectConfigurationPlatforms) = postSolution
		{09587747-A7E9-406E-B4CF-2A2F330B3748}.Debug|Any CPU.ActiveCfg = Debug|Any CPU
		{09587747-A7E9-406E-B4CF-2A2F330B3748}.Debug|Any CPU.Build.0 = Debug|Any CPU
		{09587747-A7E9-406E-B4CF-2A2F330B3748}.Release|Any CPU.ActiveCfg = Release|Any CPU
		{09587747-A7E9-406E-B4CF-2A2F330B3748}.Release|Any CPU.Build.0 = Release|Any CPU
	EndGlobalSection
	GlobalSection(SolutionProperties) = preSolution
		HideSolutionNode = FALSE
	EndGlobalSection
	GlobalSection(ExtensibilityGlobals) = postSolution
		SolutionGuid = {7BACC3F6-D610-422F-8CD7-652BED1877F1}
	EndGlobalSection
EndGlobal
